Microsoft Visual Studio Solution File, Format Version 12.00
# Visual Studio 15
VisualStudioVersion = 15.0.28307.421
MinimumVisualStudioVersion = 10.0.40219.1
Project("{FAE04EC0-301F-11D3-BF4B-00C04F79EFBC}") = "UserProfileDemo.Android", "UserProfileDemo.Android\UserProfileDemo.Android.csproj", "{F9F756A0-9366-44C1-97E2-26E3D6F76987}"
EndProject
Project("{FAE04EC0-301F-11D3-BF4B-00C04F79EFBC}") = "UserProfileDemo.iOS", "UserProfileDemo.iOS\UserProfileDemo.iOS.csproj", "{ED6E135C-8E98-439D-8505-990C5D163211}"
EndProject
Project("{2150E333-8FDC-42A3-9474-1A3956D46DE8}") = "Platform", "Platform", "{92B6C8FA-AFE5-4E93-A402-1BF8206283FC}"
EndProject
Project("{FAE04EC0-301F-11D3-BF4B-00C04F79EFBC}") = "UserProfileDemo.UWP", "UserProfileDemo.UWP\UserProfileDemo.UWP.csproj", "{8808D9CE-CDEB-43AA-BE1A-05766A865FC6}"
EndProject
Project("{FAE04EC0-301F-11D3-BF4B-00C04F79EFBC}") = "CouchbaseLabs.MVVM", "CouchbaseLabs.MVVM\CouchbaseLabs.MVVM.csproj", "{8645DB4A-3AC6-4F0C-A67B-B3DD8321CC0D}"
EndProject
Project("{FAE04EC0-301F-11D3-BF4B-00C04F79EFBC}") = "CouchbaseLabs.MVVM.Forms", "CouchbaseLabs.MVVM.Forms\CouchbaseLabs.MVVM.Forms.csproj", "{EE600352-A041-45B4-BAE3-6AAF7D8B14AA}"
EndProject
Project("{2150E333-8FDC-42A3-9474-1A3956D46DE8}") = "MVVM", "MVVM", "{C7173EEC-08BE-4B22-9B27-F7371245B667}"
EndProject
Project("{FAE04EC0-301F-11D3-BF4B-00C04F79EFBC}") = "UserProfileDemo", "UserProfileDemo\UserProfileDemo.csproj", "{BF833687-08BB-481D-8EC9-187F7D6481F9}"
EndProject
Project("{FAE04EC0-301F-11D3-BF4B-00C04F79EFBC}") = "UserProfileDemo.Core", "UserProfileDemo.Core\UserProfileDemo.Core.csproj", "{E7AC4BF7-AE7C-4F0C-B24C-B1435ABDAD47}"
EndProject
Project("{FAE04EC0-301F-11D3-BF4B-00C04F79EFBC}") = "UserProfileDemo.Models", "UserProfileDemo.Models\UserProfileDemo.Models.csproj", "{5BF00570-6DA9-44F5-88F8-C3C6EEDD015E}"
EndProject
Project("{FAE04EC0-301F-11D3-BF4B-00C04F79EFBC}") = "UserProfileDemo.Repositories", "UserProfileDemo.Repositories\UserProfileDemo.Repositories.csproj", "{5B35EE69-9D58-4BB6-9673-08F25A6F9687}"
EndProject
Global
	GlobalSection(SolutionConfigurationPlatforms) = preSolution
		Ad-Hoc|Any CPU = Ad-Hoc|Any CPU
		Ad-Hoc|ARM = Ad-Hoc|ARM
		Ad-Hoc|ARM64 = Ad-Hoc|ARM64
		Ad-Hoc|iPhone = Ad-Hoc|iPhone
		Ad-Hoc|iPhoneSimulator = Ad-Hoc|iPhoneSimulator
		Ad-Hoc|x64 = Ad-Hoc|x64
		Ad-Hoc|x86 = Ad-Hoc|x86
		AppStore|Any CPU = AppStore|Any CPU
		AppStore|ARM = AppStore|ARM
		AppStore|ARM64 = AppStore|ARM64
		AppStore|iPhone = AppStore|iPhone
		AppStore|iPhoneSimulator = AppStore|iPhoneSimulator
		AppStore|x64 = AppStore|x64
		AppStore|x86 = AppStore|x86
		Debug|Any CPU = Debug|Any CPU
		Debug|ARM = Debug|ARM
		Debug|ARM64 = Debug|ARM64
		Debug|iPhone = Debug|iPhone
		Debug|iPhoneSimulator = Debug|iPhoneSimulator
		Debug|x64 = Debug|x64
		Debug|x86 = Debug|x86
		Release|Any CPU = Release|Any CPU
		Release|ARM = Release|ARM
		Release|ARM64 = Release|ARM64
		Release|iPhone = Release|iPhone
		Release|iPhoneSimulator = Release|iPhoneSimulator
		Release|x64 = Release|x64
		Release|x86 = Release|x86
	EndGlobalSection
	GlobalSection(ProjectConfigurationPlatforms) = postSolution
		{F9F756A0-9366-44C1-97E2-26E3D6F76987}.Ad-Hoc|Any CPU.ActiveCfg = Release|Any CPU
		{F9F756A0-9366-44C1-97E2-26E3D6F76987}.Ad-Hoc|Any CPU.Build.0 = Release|Any CPU
		{F9F756A0-9366-44C1-97E2-26E3D6F76987}.Ad-Hoc|Any CPU.Deploy.0 = Release|Any CPU
		{F9F756A0-9366-44C1-97E2-26E3D6F76987}.Ad-Hoc|ARM.ActiveCfg = Release|Any CPU
		{F9F756A0-9366-44C1-97E2-26E3D6F76987}.Ad-Hoc|ARM.Build.0 = Release|Any CPU
		{F9F756A0-9366-44C1-97E2-26E3D6F76987}.Ad-Hoc|ARM.Deploy.0 = Release|Any CPU
		{F9F756A0-9366-44C1-97E2-26E3D6F76987}.Ad-Hoc|ARM64.ActiveCfg = Release|Any CPU
		{F9F756A0-9366-44C1-97E2-26E3D6F76987}.Ad-Hoc|ARM64.Build.0 = Release|Any CPU
		{F9F756A0-9366-44C1-97E2-26E3D6F76987}.Ad-Hoc|ARM64.Deploy.0 = Release|Any CPU
		{F9F756A0-9366-44C1-97E2-26E3D6F76987}.Ad-Hoc|iPhone.ActiveCfg = Debug|Any CPU
		{F9F756A0-9366-44C1-97E2-26E3D6F76987}.Ad-Hoc|iPhone.Build.0 = Debug|Any CPU
		{F9F756A0-9366-44C1-97E2-26E3D6F76987}.Ad-Hoc|iPhoneSimulator.ActiveCfg = Release|Any CPU
		{F9F756A0-9366-44C1-97E2-26E3D6F76987}.Ad-Hoc|iPhoneSimulator.Build.0 = Release|Any CPU
		{F9F756A0-9366-44C1-97E2-26E3D6F76987}.Ad-Hoc|iPhoneSimulator.Deploy.0 = Release|Any CPU
		{F9F756A0-9366-44C1-97E2-26E3D6F76987}.Ad-Hoc|x64.ActiveCfg = Release|Any CPU
		{F9F756A0-9366-44C1-97E2-26E3D6F76987}.Ad-Hoc|x64.Build.0 = Release|Any CPU
		{F9F756A0-9366-44C1-97E2-26E3D6F76987}.Ad-Hoc|x64.Deploy.0 = Release|Any CPU
		{F9F756A0-9366-44C1-97E2-26E3D6F76987}.Ad-Hoc|x86.ActiveCfg = Release|Any CPU
		{F9F756A0-9366-44C1-97E2-26E3D6F76987}.Ad-Hoc|x86.Build.0 = Release|Any CPU
		{F9F756A0-9366-44C1-97E2-26E3D6F76987}.Ad-Hoc|x86.Deploy.0 = Release|Any CPU
		{F9F756A0-9366-44C1-97E2-26E3D6F76987}.AppStore|Any CPU.ActiveCfg = Release|Any CPU
		{F9F756A0-9366-44C1-97E2-26E3D6F76987}.AppStore|Any CPU.Build.0 = Release|Any CPU
		{F9F756A0-9366-44C1-97E2-26E3D6F76987}.AppStore|Any CPU.Deploy.0 = Release|Any CPU
		{F9F756A0-9366-44C1-97E2-26E3D6F76987}.AppStore|ARM.ActiveCfg = Release|Any CPU
		{F9F756A0-9366-44C1-97E2-26E3D6F76987}.AppStore|ARM.Build.0 = Release|Any CPU
		{F9F756A0-9366-44C1-97E2-26E3D6F76987}.AppStore|ARM.Deploy.0 = Release|Any CPU
		{F9F756A0-9366-44C1-97E2-26E3D6F76987}.AppStore|ARM64.ActiveCfg = Release|Any CPU
		{F9F756A0-9366-44C1-97E2-26E3D6F76987}.AppStore|ARM64.Build.0 = Release|Any CPU
		{F9F756A0-9366-44C1-97E2-26E3D6F76987}.AppStore|ARM64.Deploy.0 = Release|Any CPU
		{F9F756A0-9366-44C1-97E2-26E3D6F76987}.AppStore|iPhone.ActiveCfg = Debug|Any CPU
		{F9F756A0-9366-44C1-97E2-26E3D6F76987}.AppStore|iPhone.Build.0 = Debug|Any CPU
		{F9F756A0-9366-44C1-97E2-26E3D6F76987}.AppStore|iPhoneSimulator.ActiveCfg = Release|Any CPU
		{F9F756A0-9366-44C1-97E2-26E3D6F76987}.AppStore|iPhoneSimulator.Build.0 = Release|Any CPU
		{F9F756A0-9366-44C1-97E2-26E3D6F76987}.AppStore|iPhoneSimulator.Deploy.0 = Release|Any CPU
		{F9F756A0-9366-44C1-97E2-26E3D6F76987}.AppStore|x64.ActiveCfg = Release|Any CPU
		{F9F756A0-9366-44C1-97E2-26E3D6F76987}.AppStore|x64.Build.0 = Release|Any CPU
		{F9F756A0-9366-44C1-97E2-26E3D6F76987}.AppStore|x64.Deploy.0 = Release|Any CPU
		{F9F756A0-9366-44C1-97E2-26E3D6F76987}.AppStore|x86.ActiveCfg = Release|Any CPU
		{F9F756A0-9366-44C1-97E2-26E3D6F76987}.AppStore|x86.Build.0 = Release|Any CPU
		{F9F756A0-9366-44C1-97E2-26E3D6F76987}.AppStore|x86.Deploy.0 = Release|Any CPU
		{F9F756A0-9366-44C1-97E2-26E3D6F76987}.Debug|Any CPU.ActiveCfg = Debug|Any CPU
		{F9F756A0-9366-44C1-97E2-26E3D6F76987}.Debug|Any CPU.Build.0 = Debug|Any CPU
		{F9F756A0-9366-44C1-97E2-26E3D6F76987}.Debug|ARM.ActiveCfg = Debug|Any CPU
		{F9F756A0-9366-44C1-97E2-26E3D6F76987}.Debug|ARM.Build.0 = Debug|Any CPU
		{F9F756A0-9366-44C1-97E2-26E3D6F76987}.Debug|ARM.Deploy.0 = Debug|Any CPU
		{F9F756A0-9366-44C1-97E2-26E3D6F76987}.Debug|ARM64.ActiveCfg = Debug|Any CPU
		{F9F756A0-9366-44C1-97E2-26E3D6F76987}.Debug|ARM64.Build.0 = Debug|Any CPU
		{F9F756A0-9366-44C1-97E2-26E3D6F76987}.Debug|ARM64.Deploy.0 = Debug|Any CPU
		{F9F756A0-9366-44C1-97E2-26E3D6F76987}.Debug|iPhone.ActiveCfg = Debug|Any CPU
		{F9F756A0-9366-44C1-97E2-26E3D6F76987}.Debug|iPhone.Build.0 = Debug|Any CPU
		{F9F756A0-9366-44C1-97E2-26E3D6F76987}.Debug|iPhoneSimulator.ActiveCfg = Debug|Any CPU
		{F9F756A0-9366-44C1-97E2-26E3D6F76987}.Debug|iPhoneSimulator.Build.0 = Debug|Any CPU
		{F9F756A0-9366-44C1-97E2-26E3D6F76987}.Debug|x64.ActiveCfg = Debug|Any CPU
		{F9F756A0-9366-44C1-97E2-26E3D6F76987}.Debug|x64.Build.0 = Debug|Any CPU
		{F9F756A0-9366-44C1-97E2-26E3D6F76987}.Debug|x64.Deploy.0 = Debug|Any CPU
		{F9F756A0-9366-44C1-97E2-26E3D6F76987}.Debug|x86.ActiveCfg = Debug|Any CPU
		{F9F756A0-9366-44C1-97E2-26E3D6F76987}.Debug|x86.Build.0 = Debug|Any CPU
		{F9F756A0-9366-44C1-97E2-26E3D6F76987}.Debug|x86.Deploy.0 = Debug|Any CPU
		{F9F756A0-9366-44C1-97E2-26E3D6F76987}.Release|Any CPU.ActiveCfg = Release|Any CPU
		{F9F756A0-9366-44C1-97E2-26E3D6F76987}.Release|Any CPU.Build.0 = Release|Any CPU
		{F9F756A0-9366-44C1-97E2-26E3D6F76987}.Release|ARM.ActiveCfg = Release|Any CPU
		{F9F756A0-9366-44C1-97E2-26E3D6F76987}.Release|ARM.Build.0 = Release|Any CPU
		{F9F756A0-9366-44C1-97E2-26E3D6F76987}.Release|ARM.Deploy.0 = Release|Any CPU
		{F9F756A0-9366-44C1-97E2-26E3D6F76987}.Release|ARM64.ActiveCfg = Release|Any CPU
		{F9F756A0-9366-44C1-97E2-26E3D6F76987}.Release|ARM64.Build.0 = Release|Any CPU
		{F9F756A0-9366-44C1-97E2-26E3D6F76987}.Release|ARM64.Deploy.0 = Release|Any CPU
		{F9F756A0-9366-44C1-97E2-26E3D6F76987}.Release|iPhone.ActiveCfg = Release|Any CPU
		{F9F756A0-9366-44C1-97E2-26E3D6F76987}.Release|iPhone.Build.0 = Release|Any CPU
		{F9F756A0-9366-44C1-97E2-26E3D6F76987}.Release|iPhoneSimulator.ActiveCfg = Release|Any CPU
		{F9F756A0-9366-44C1-97E2-26E3D6F76987}.Release|iPhoneSimulator.Build.0 = Release|Any CPU
		{F9F756A0-9366-44C1-97E2-26E3D6F76987}.Release|x64.ActiveCfg = Release|Any CPU
		{F9F756A0-9366-44C1-97E2-26E3D6F76987}.Release|x64.Build.0 = Release|Any CPU
		{F9F756A0-9366-44C1-97E2-26E3D6F76987}.Release|x64.Deploy.0 = Release|Any CPU
		{F9F756A0-9366-44C1-97E2-26E3D6F76987}.Release|x86.ActiveCfg = Release|Any CPU
		{F9F756A0-9366-44C1-97E2-26E3D6F76987}.Release|x86.Build.0 = Release|Any CPU
		{F9F756A0-9366-44C1-97E2-26E3D6F76987}.Release|x86.Deploy.0 = Release|Any CPU
		{ED6E135C-8E98-439D-8505-990C5D163211}.Ad-Hoc|Any CPU.ActiveCfg = Ad-Hoc|iPhoneSimulator
		{ED6E135C-8E98-439D-8505-990C5D163211}.Ad-Hoc|ARM.ActiveCfg = Ad-Hoc|iPhoneSimulator
		{ED6E135C-8E98-439D-8505-990C5D163211}.Ad-Hoc|ARM64.ActiveCfg = Ad-Hoc|iPhoneSimulator
		{ED6E135C-8E98-439D-8505-990C5D163211}.Ad-Hoc|iPhone.ActiveCfg = Ad-Hoc|iPhone
		{ED6E135C-8E98-439D-8505-990C5D163211}.Ad-Hoc|iPhone.Build.0 = Ad-Hoc|iPhone
		{ED6E135C-8E98-439D-8505-990C5D163211}.Ad-Hoc|iPhoneSimulator.ActiveCfg = Ad-Hoc|iPhoneSimulator
		{ED6E135C-8E98-439D-8505-990C5D163211}.Ad-Hoc|iPhoneSimulator.Build.0 = Ad-Hoc|iPhoneSimulator
		{ED6E135C-8E98-439D-8505-990C5D163211}.Ad-Hoc|x64.ActiveCfg = Ad-Hoc|iPhoneSimulator
		{ED6E135C-8E98-439D-8505-990C5D163211}.Ad-Hoc|x86.ActiveCfg = Ad-Hoc|iPhoneSimulator
		{ED6E135C-8E98-439D-8505-990C5D163211}.AppStore|Any CPU.ActiveCfg = AppStore|iPhoneSimulator
		{ED6E135C-8E98-439D-8505-990C5D163211}.AppStore|ARM.ActiveCfg = AppStore|iPhoneSimulator
		{ED6E135C-8E98-439D-8505-990C5D163211}.AppStore|ARM64.ActiveCfg = AppStore|iPhoneSimulator
		{ED6E135C-8E98-439D-8505-990C5D163211}.AppStore|iPhone.ActiveCfg = AppStore|iPhone
		{ED6E135C-8E98-439D-8505-990C5D163211}.AppStore|iPhone.Build.0 = AppStore|iPhone
		{ED6E135C-8E98-439D-8505-990C5D163211}.AppStore|iPhoneSimulator.ActiveCfg = AppStore|iPhoneSimulator
		{ED6E135C-8E98-439D-8505-990C5D163211}.AppStore|iPhoneSimulator.Build.0 = AppStore|iPhoneSimulator
		{ED6E135C-8E98-439D-8505-990C5D163211}.AppStore|x64.ActiveCfg = AppStore|iPhoneSimulator
		{ED6E135C-8E98-439D-8505-990C5D163211}.AppStore|x86.ActiveCfg = AppStore|iPhoneSimulator
		{ED6E135C-8E98-439D-8505-990C5D163211}.Debug|Any CPU.ActiveCfg = Debug|iPhoneSimulator
		{ED6E135C-8E98-439D-8505-990C5D163211}.Debug|Any CPU.Build.0 = Debug|iPhoneSimulator
		{ED6E135C-8E98-439D-8505-990C5D163211}.Debug|ARM.ActiveCfg = Debug|iPhone
		{ED6E135C-8E98-439D-8505-990C5D163211}.Debug|ARM64.ActiveCfg = Debug|iPhone
		{ED6E135C-8E98-439D-8505-990C5D163211}.Debug|iPhone.ActiveCfg = Debug|iPhone
		{ED6E135C-8E98-439D-8505-990C5D163211}.Debug|iPhone.Build.0 = Debug|iPhone
		{ED6E135C-8E98-439D-8505-990C5D163211}.Debug|iPhoneSimulator.ActiveCfg = Debug|iPhoneSimulator
		{ED6E135C-8E98-439D-8505-990C5D163211}.Debug|iPhoneSimulator.Build.0 = Debug|iPhoneSimulator
		{ED6E135C-8E98-439D-8505-990C5D163211}.Debug|x64.ActiveCfg = Debug|iPhone
		{ED6E135C-8E98-439D-8505-990C5D163211}.Debug|x86.ActiveCfg = Debug|iPhone
		{ED6E135C-8E98-439D-8505-990C5D163211}.Release|Any CPU.ActiveCfg = Release|iPhoneSimulator
		{ED6E135C-8E98-439D-8505-990C5D163211}.Release|Any CPU.Build.0 = Release|iPhoneSimulator
		{ED6E135C-8E98-439D-8505-990C5D163211}.Release|ARM.ActiveCfg = Release|iPhone
		{ED6E135C-8E98-439D-8505-990C5D163211}.Release|ARM64.ActiveCfg = Release|iPhone
		{ED6E135C-8E98-439D-8505-990C5D163211}.Release|iPhone.ActiveCfg = Release|iPhone
		{ED6E135C-8E98-439D-8505-990C5D163211}.Release|iPhone.Build.0 = Release|iPhone
		{ED6E135C-8E98-439D-8505-990C5D163211}.Release|iPhoneSimulator.ActiveCfg = Release|iPhoneSimulator
		{ED6E135C-8E98-439D-8505-990C5D163211}.Release|iPhoneSimulator.Build.0 = Release|iPhoneSimulator
		{ED6E135C-8E98-439D-8505-990C5D163211}.Release|x64.ActiveCfg = Release|iPhone
		{ED6E135C-8E98-439D-8505-990C5D163211}.Release|x86.ActiveCfg = Release|iPhone
		{8808D9CE-CDEB-43AA-BE1A-05766A865FC6}.Ad-Hoc|Any CPU.ActiveCfg = Release|x64
		{8808D9CE-CDEB-43AA-BE1A-05766A865FC6}.Ad-Hoc|Any CPU.Build.0 = Release|x64
		{8808D9CE-CDEB-43AA-BE1A-05766A865FC6}.Ad-Hoc|Any CPU.Deploy.0 = Release|x64
		{8808D9CE-CDEB-43AA-BE1A-05766A865FC6}.Ad-Hoc|ARM.ActiveCfg = Release|ARM
		{8808D9CE-CDEB-43AA-BE1A-05766A865FC6}.Ad-Hoc|ARM.Build.0 = Release|ARM
		{8808D9CE-CDEB-43AA-BE1A-05766A865FC6}.Ad-Hoc|ARM.Deploy.0 = Release|ARM
		{8808D9CE-CDEB-43AA-BE1A-05766A865FC6}.Ad-Hoc|ARM64.ActiveCfg = Release|ARM64
		{8808D9CE-CDEB-43AA-BE1A-05766A865FC6}.Ad-Hoc|ARM64.Build.0 = Release|ARM64
		{8808D9CE-CDEB-43AA-BE1A-05766A865FC6}.Ad-Hoc|ARM64.Deploy.0 = Release|ARM64
		{8808D9CE-CDEB-43AA-BE1A-05766A865FC6}.Ad-Hoc|iPhone.ActiveCfg = Release|x64
		{8808D9CE-CDEB-43AA-BE1A-05766A865FC6}.Ad-Hoc|iPhone.Build.0 = Release|x64
		{8808D9CE-CDEB-43AA-BE1A-05766A865FC6}.Ad-Hoc|iPhone.Deploy.0 = Release|x64
		{8808D9CE-CDEB-43AA-BE1A-05766A865FC6}.Ad-Hoc|iPhoneSimulator.ActiveCfg = Release|x64
		{8808D9CE-CDEB-43AA-BE1A-05766A865FC6}.Ad-Hoc|iPhoneSimulator.Build.0 = Release|x64
		{8808D9CE-CDEB-43AA-BE1A-05766A865FC6}.Ad-Hoc|iPhoneSimulator.Deploy.0 = Release|x64
		{8808D9CE-CDEB-43AA-BE1A-05766A865FC6}.Ad-Hoc|x64.ActiveCfg = Release|x64
		{8808D9CE-CDEB-43AA-BE1A-05766A865FC6}.Ad-Hoc|x64.Build.0 = Release|x64
		{8808D9CE-CDEB-43AA-BE1A-05766A865FC6}.Ad-Hoc|x64.Deploy.0 = Release|x64
		{8808D9CE-CDEB-43AA-BE1A-05766A865FC6}.Ad-Hoc|x86.ActiveCfg = Release|x86
		{8808D9CE-CDEB-43AA-BE1A-05766A865FC6}.Ad-Hoc|x86.Build.0 = Release|x86
		{8808D9CE-CDEB-43AA-BE1A-05766A865FC6}.Ad-Hoc|x86.Deploy.0 = Release|x86
		{8808D9CE-CDEB-43AA-BE1A-05766A865FC6}.AppStore|Any CPU.ActiveCfg = Release|x64
		{8808D9CE-CDEB-43AA-BE1A-05766A865FC6}.AppStore|Any CPU.Build.0 = Release|x64
		{8808D9CE-CDEB-43AA-BE1A-05766A865FC6}.AppStore|Any CPU.Deploy.0 = Release|x64
		{8808D9CE-CDEB-43AA-BE1A-05766A865FC6}.AppStore|ARM.ActiveCfg = Release|ARM
		{8808D9CE-CDEB-43AA-BE1A-05766A865FC6}.AppStore|ARM.Build.0 = Release|ARM
		{8808D9CE-CDEB-43AA-BE1A-05766A865FC6}.AppStore|ARM.Deploy.0 = Release|ARM
		{8808D9CE-CDEB-43AA-BE1A-05766A865FC6}.AppStore|ARM64.ActiveCfg = Release|ARM64
		{8808D9CE-CDEB-43AA-BE1A-05766A865FC6}.AppStore|ARM64.Build.0 = Release|ARM64
		{8808D9CE-CDEB-43AA-BE1A-05766A865FC6}.AppStore|ARM64.Deploy.0 = Release|ARM64
		{8808D9CE-CDEB-43AA-BE1A-05766A865FC6}.AppStore|iPhone.ActiveCfg = Release|x64
		{8808D9CE-CDEB-43AA-BE1A-05766A865FC6}.AppStore|iPhone.Build.0 = Release|x64
		{8808D9CE-CDEB-43AA-BE1A-05766A865FC6}.AppStore|iPhone.Deploy.0 = Release|x64
		{8808D9CE-CDEB-43AA-BE1A-05766A865FC6}.AppStore|iPhoneSimulator.ActiveCfg = Release|x64
		{8808D9CE-CDEB-43AA-BE1A-05766A865FC6}.AppStore|iPhoneSimulator.Build.0 = Release|x64
		{8808D9CE-CDEB-43AA-BE1A-05766A865FC6}.AppStore|iPhoneSimulator.Deploy.0 = Release|x64
		{8808D9CE-CDEB-43AA-BE1A-05766A865FC6}.AppStore|x64.ActiveCfg = Release|x64
		{8808D9CE-CDEB-43AA-BE1A-05766A865FC6}.AppStore|x64.Build.0 = Release|x64
		{8808D9CE-CDEB-43AA-BE1A-05766A865FC6}.AppStore|x64.Deploy.0 = Release|x64
		{8808D9CE-CDEB-43AA-BE1A-05766A865FC6}.AppStore|x86.ActiveCfg = Release|x86
		{8808D9CE-CDEB-43AA-BE1A-05766A865FC6}.AppStore|x86.Build.0 = Release|x86
		{8808D9CE-CDEB-43AA-BE1A-05766A865FC6}.AppStore|x86.Deploy.0 = Release|x86
		{8808D9CE-CDEB-43AA-BE1A-05766A865FC6}.Debug|Any CPU.ActiveCfg = Debug|x86
		{8808D9CE-CDEB-43AA-BE1A-05766A865FC6}.Debug|Any CPU.Build.0 = Debug|x86
		{8808D9CE-CDEB-43AA-BE1A-05766A865FC6}.Debug|Any CPU.Deploy.0 = Debug|x86
		{8808D9CE-CDEB-43AA-BE1A-05766A865FC6}.Debug|ARM.ActiveCfg = Debug|ARM
		{8808D9CE-CDEB-43AA-BE1A-05766A865FC6}.Debug|ARM.Build.0 = Debug|ARM
		{8808D9CE-CDEB-43AA-BE1A-05766A865FC6}.Debug|ARM.Deploy.0 = Debug|ARM
		{8808D9CE-CDEB-43AA-BE1A-05766A865FC6}.Debug|ARM64.ActiveCfg = Debug|ARM64
		{8808D9CE-CDEB-43AA-BE1A-05766A865FC6}.Debug|ARM64.Build.0 = Debug|ARM64
		{8808D9CE-CDEB-43AA-BE1A-05766A865FC6}.Debug|ARM64.Deploy.0 = Debug|ARM64
		{8808D9CE-CDEB-43AA-BE1A-05766A865FC6}.Debug|iPhone.ActiveCfg = Debug|x86
		{8808D9CE-CDEB-43AA-BE1A-05766A865FC6}.Debug|iPhoneSimulator.ActiveCfg = Debug|x86
		{8808D9CE-CDEB-43AA-BE1A-05766A865FC6}.Debug|x64.ActiveCfg = Debug|x64
		{8808D9CE-CDEB-43AA-BE1A-05766A865FC6}.Debug|x64.Build.0 = Debug|x64
		{8808D9CE-CDEB-43AA-BE1A-05766A865FC6}.Debug|x64.Deploy.0 = Debug|x64
		{8808D9CE-CDEB-43AA-BE1A-05766A865FC6}.Debug|x86.ActiveCfg = Debug|x86
		{8808D9CE-CDEB-43AA-BE1A-05766A865FC6}.Debug|x86.Build.0 = Debug|x86
		{8808D9CE-CDEB-43AA-BE1A-05766A865FC6}.Debug|x86.Deploy.0 = Debug|x86
		{8808D9CE-CDEB-43AA-BE1A-05766A865FC6}.Release|Any CPU.ActiveCfg = Release|x86
		{8808D9CE-CDEB-43AA-BE1A-05766A865FC6}.Release|ARM.ActiveCfg = Release|ARM
		{8808D9CE-CDEB-43AA-BE1A-05766A865FC6}.Release|ARM.Build.0 = Release|ARM
		{8808D9CE-CDEB-43AA-BE1A-05766A865FC6}.Release|ARM.Deploy.0 = Release|ARM
		{8808D9CE-CDEB-43AA-BE1A-05766A865FC6}.Release|ARM64.ActiveCfg = Release|ARM64
		{8808D9CE-CDEB-43AA-BE1A-05766A865FC6}.Release|ARM64.Build.0 = Release|ARM64
		{8808D9CE-CDEB-43AA-BE1A-05766A865FC6}.Release|ARM64.Deploy.0 = Release|ARM64
		{8808D9CE-CDEB-43AA-BE1A-05766A865FC6}.Release|iPhone.ActiveCfg = Release|x86
		{8808D9CE-CDEB-43AA-BE1A-05766A865FC6}.Release|iPhoneSimulator.ActiveCfg = Release|x86
		{8808D9CE-CDEB-43AA-BE1A-05766A865FC6}.Release|x64.ActiveCfg = Release|x64
		{8808D9CE-CDEB-43AA-BE1A-05766A865FC6}.Release|x64.Build.0 = Release|x64
		{8808D9CE-CDEB-43AA-BE1A-05766A865FC6}.Release|x64.Deploy.0 = Release|x64
		{8808D9CE-CDEB-43AA-BE1A-05766A865FC6}.Release|x86.ActiveCfg = Release|x86
		{8808D9CE-CDEB-43AA-BE1A-05766A865FC6}.Release|x86.Build.0 = Release|x86
		{8808D9CE-CDEB-43AA-BE1A-05766A865FC6}.Release|x86.Deploy.0 = Release|x86
		{8645DB4A-3AC6-4F0C-A67B-B3DD8321CC0D}.Ad-Hoc|Any CPU.ActiveCfg = Release|Any CPU
		{8645DB4A-3AC6-4F0C-A67B-B3DD8321CC0D}.Ad-Hoc|Any CPU.Build.0 = Release|Any CPU
		{8645DB4A-3AC6-4F0C-A67B-B3DD8321CC0D}.Ad-Hoc|ARM.ActiveCfg = Release|Any CPU
		{8645DB4A-3AC6-4F0C-A67B-B3DD8321CC0D}.Ad-Hoc|ARM.Build.0 = Release|Any CPU
		{8645DB4A-3AC6-4F0C-A67B-B3DD8321CC0D}.Ad-Hoc|ARM64.ActiveCfg = Release|Any CPU
		{8645DB4A-3AC6-4F0C-A67B-B3DD8321CC0D}.Ad-Hoc|ARM64.Build.0 = Release|Any CPU
		{8645DB4A-3AC6-4F0C-A67B-B3DD8321CC0D}.Ad-Hoc|iPhone.ActiveCfg = Release|Any CPU
		{8645DB4A-3AC6-4F0C-A67B-B3DD8321CC0D}.Ad-Hoc|iPhone.Build.0 = Release|Any CPU
		{8645DB4A-3AC6-4F0C-A67B-B3DD8321CC0D}.Ad-Hoc|iPhoneSimulator.ActiveCfg = Release|Any CPU
		{8645DB4A-3AC6-4F0C-A67B-B3DD8321CC0D}.Ad-Hoc|iPhoneSimulator.Build.0 = Release|Any CPU
		{8645DB4A-3AC6-4F0C-A67B-B3DD8321CC0D}.Ad-Hoc|x64.ActiveCfg = Release|Any CPU
		{8645DB4A-3AC6-4F0C-A67B-B3DD8321CC0D}.Ad-Hoc|x64.Build.0 = Release|Any CPU
		{8645DB4A-3AC6-4F0C-A67B-B3DD8321CC0D}.Ad-Hoc|x86.ActiveCfg = Release|Any CPU
		{8645DB4A-3AC6-4F0C-A67B-B3DD8321CC0D}.Ad-Hoc|x86.Build.0 = Release|Any CPU
		{8645DB4A-3AC6-4F0C-A67B-B3DD8321CC0D}.AppStore|Any CPU.ActiveCfg = Release|Any CPU
		{8645DB4A-3AC6-4F0C-A67B-B3DD8321CC0D}.AppStore|Any CPU.Build.0 = Release|Any CPU
		{8645DB4A-3AC6-4F0C-A67B-B3DD8321CC0D}.AppStore|ARM.ActiveCfg = Release|Any CPU
		{8645DB4A-3AC6-4F0C-A67B-B3DD8321CC0D}.AppStore|ARM.Build.0 = Release|Any CPU
		{8645DB4A-3AC6-4F0C-A67B-B3DD8321CC0D}.AppStore|ARM64.ActiveCfg = Release|Any CPU
		{8645DB4A-3AC6-4F0C-A67B-B3DD8321CC0D}.AppStore|ARM64.Build.0 = Release|Any CPU
		{8645DB4A-3AC6-4F0C-A67B-B3DD8321CC0D}.AppStore|iPhone.ActiveCfg = Release|Any CPU
		{8645DB4A-3AC6-4F0C-A67B-B3DD8321CC0D}.AppStore|iPhone.Build.0 = Release|Any CPU
		{8645DB4A-3AC6-4F0C-A67B-B3DD8321CC0D}.AppStore|iPhoneSimulator.ActiveCfg = Release|Any CPU
		{8645DB4A-3AC6-4F0C-A67B-B3DD8321CC0D}.AppStore|iPhoneSimulator.Build.0 = Release|Any CPU
		{8645DB4A-3AC6-4F0C-A67B-B3DD8321CC0D}.AppStore|x64.ActiveCfg = Release|Any CPU
		{8645DB4A-3AC6-4F0C-A67B-B3DD8321CC0D}.AppStore|x64.Build.0 = Release|Any CPU
		{8645DB4A-3AC6-4F0C-A67B-B3DD8321CC0D}.AppStore|x86.ActiveCfg = Release|Any CPU
		{8645DB4A-3AC6-4F0C-A67B-B3DD8321CC0D}.AppStore|x86.Build.0 = Release|Any CPU
		{8645DB4A-3AC6-4F0C-A67B-B3DD8321CC0D}.Debug|Any CPU.ActiveCfg = Debug|Any CPU
		{8645DB4A-3AC6-4F0C-A67B-B3DD8321CC0D}.Debug|Any CPU.Build.0 = Debug|Any CPU
		{8645DB4A-3AC6-4F0C-A67B-B3DD8321CC0D}.Debug|ARM.ActiveCfg = Debug|Any CPU
		{8645DB4A-3AC6-4F0C-A67B-B3DD8321CC0D}.Debug|ARM.Build.0 = Debug|Any CPU
		{8645DB4A-3AC6-4F0C-A67B-B3DD8321CC0D}.Debug|ARM64.ActiveCfg = Debug|Any CPU
		{8645DB4A-3AC6-4F0C-A67B-B3DD8321CC0D}.Debug|ARM64.Build.0 = Debug|Any CPU
		{8645DB4A-3AC6-4F0C-A67B-B3DD8321CC0D}.Debug|iPhone.ActiveCfg = Debug|Any CPU
		{8645DB4A-3AC6-4F0C-A67B-B3DD8321CC0D}.Debug|iPhone.Build.0 = Debug|Any CPU
		{8645DB4A-3AC6-4F0C-A67B-B3DD8321CC0D}.Debug|iPhoneSimulator.ActiveCfg = Debug|Any CPU
		{8645DB4A-3AC6-4F0C-A67B-B3DD8321CC0D}.Debug|iPhoneSimulator.Build.0 = Debug|Any CPU
		{8645DB4A-3AC6-4F0C-A67B-B3DD8321CC0D}.Debug|x64.ActiveCfg = Debug|Any CPU
		{8645DB4A-3AC6-4F0C-A67B-B3DD8321CC0D}.Debug|x64.Build.0 = Debug|Any CPU
		{8645DB4A-3AC6-4F0C-A67B-B3DD8321CC0D}.Debug|x86.ActiveCfg = Debug|Any CPU
		{8645DB4A-3AC6-4F0C-A67B-B3DD8321CC0D}.Debug|x86.Build.0 = Debug|Any CPU
		{8645DB4A-3AC6-4F0C-A67B-B3DD8321CC0D}.Release|Any CPU.ActiveCfg = Release|Any CPU
		{8645DB4A-3AC6-4F0C-A67B-B3DD8321CC0D}.Release|Any CPU.Build.0 = Release|Any CPU
		{8645DB4A-3AC6-4F0C-A67B-B3DD8321CC0D}.Release|ARM.ActiveCfg = Release|Any CPU
		{8645DB4A-3AC6-4F0C-A67B-B3DD8321CC0D}.Release|ARM.Build.0 = Release|Any CPU
		{8645DB4A-3AC6-4F0C-A67B-B3DD8321CC0D}.Release|ARM64.ActiveCfg = Release|Any CPU
		{8645DB4A-3AC6-4F0C-A67B-B3DD8321CC0D}.Release|ARM64.Build.0 = Release|Any CPU
		{8645DB4A-3AC6-4F0C-A67B-B3DD8321CC0D}.Release|iPhone.ActiveCfg = Release|Any CPU
		{8645DB4A-3AC6-4F0C-A67B-B3DD8321CC0D}.Release|iPhone.Build.0 = Release|Any CPU
		{8645DB4A-3AC6-4F0C-A67B-B3DD8321CC0D}.Release|iPhoneSimulator.ActiveCfg = Release|Any CPU
		{8645DB4A-3AC6-4F0C-A67B-B3DD8321CC0D}.Release|iPhoneSimulator.Build.0 = Release|Any CPU
		{8645DB4A-3AC6-4F0C-A67B-B3DD8321CC0D}.Release|x64.ActiveCfg = Release|Any CPU
		{8645DB4A-3AC6-4F0C-A67B-B3DD8321CC0D}.Release|x64.Build.0 = Release|Any CPU
		{8645DB4A-3AC6-4F0C-A67B-B3DD8321CC0D}.Release|x86.ActiveCfg = Release|Any CPU
		{8645DB4A-3AC6-4F0C-A67B-B3DD8321CC0D}.Release|x86.Build.0 = Release|Any CPU
		{EE600352-A041-45B4-BAE3-6AAF7D8B14AA}.Ad-Hoc|Any CPU.ActiveCfg = Release|Any CPU
		{EE600352-A041-45B4-BAE3-6AAF7D8B14AA}.Ad-Hoc|Any CPU.Build.0 = Release|Any CPU
		{EE600352-A041-45B4-BAE3-6AAF7D8B14AA}.Ad-Hoc|ARM.ActiveCfg = Release|Any CPU
		{EE600352-A041-45B4-BAE3-6AAF7D8B14AA}.Ad-Hoc|ARM.Build.0 = Release|Any CPU
		{EE600352-A041-45B4-BAE3-6AAF7D8B14AA}.Ad-Hoc|ARM64.ActiveCfg = Release|Any CPU
		{EE600352-A041-45B4-BAE3-6AAF7D8B14AA}.Ad-Hoc|ARM64.Build.0 = Release|Any CPU
		{EE600352-A041-45B4-BAE3-6AAF7D8B14AA}.Ad-Hoc|iPhone.ActiveCfg = Release|Any CPU
		{EE600352-A041-45B4-BAE3-6AAF7D8B14AA}.Ad-Hoc|iPhone.Build.0 = Release|Any CPU
		{EE600352-A041-45B4-BAE3-6AAF7D8B14AA}.Ad-Hoc|iPhoneSimulator.ActiveCfg = Release|Any CPU
		{EE600352-A041-45B4-BAE3-6AAF7D8B14AA}.Ad-Hoc|iPhoneSimulator.Build.0 = Release|Any CPU
		{EE600352-A041-45B4-BAE3-6AAF7D8B14AA}.Ad-Hoc|x64.ActiveCfg = Release|Any CPU
		{EE600352-A041-45B4-BAE3-6AAF7D8B14AA}.Ad-Hoc|x64.Build.0 = Release|Any CPU
		{EE600352-A041-45B4-BAE3-6AAF7D8B14AA}.Ad-Hoc|x86.ActiveCfg = Release|Any CPU
		{EE600352-A041-45B4-BAE3-6AAF7D8B14AA}.Ad-Hoc|x86.Build.0 = Release|Any CPU
		{EE600352-A041-45B4-BAE3-6AAF7D8B14AA}.AppStore|Any CPU.ActiveCfg = Release|Any CPU
		{EE600352-A041-45B4-BAE3-6AAF7D8B14AA}.AppStore|Any CPU.Build.0 = Release|Any CPU
		{EE600352-A041-45B4-BAE3-6AAF7D8B14AA}.AppStore|ARM.ActiveCfg = Release|Any CPU
		{EE600352-A041-45B4-BAE3-6AAF7D8B14AA}.AppStore|ARM.Build.0 = Release|Any CPU
		{EE600352-A041-45B4-BAE3-6AAF7D8B14AA}.AppStore|ARM64.ActiveCfg = Release|Any CPU
		{EE600352-A041-45B4-BAE3-6AAF7D8B14AA}.AppStore|ARM64.Build.0 = Release|Any CPU
		{EE600352-A041-45B4-BAE3-6AAF7D8B14AA}.AppStore|iPhone.ActiveCfg = Release|Any CPU
		{EE600352-A041-45B4-BAE3-6AAF7D8B14AA}.AppStore|iPhone.Build.0 = Release|Any CPU
		{EE600352-A041-45B4-BAE3-6AAF7D8B14AA}.AppStore|iPhoneSimulator.ActiveCfg = Release|Any CPU
		{EE600352-A041-45B4-BAE3-6AAF7D8B14AA}.AppStore|iPhoneSimulator.Build.0 = Release|Any CPU
		{EE600352-A041-45B4-BAE3-6AAF7D8B14AA}.AppStore|x64.ActiveCfg = Release|Any CPU
		{EE600352-A041-45B4-BAE3-6AAF7D8B14AA}.AppStore|x64.Build.0 = Release|Any CPU
		{EE600352-A041-45B4-BAE3-6AAF7D8B14AA}.AppStore|x86.ActiveCfg = Release|Any CPU
		{EE600352-A041-45B4-BAE3-6AAF7D8B14AA}.AppStore|x86.Build.0 = Release|Any CPU
		{EE600352-A041-45B4-BAE3-6AAF7D8B14AA}.Debug|Any CPU.ActiveCfg = Debug|Any CPU
		{EE600352-A041-45B4-BAE3-6AAF7D8B14AA}.Debug|Any CPU.Build.0 = Debug|Any CPU
		{EE600352-A041-45B4-BAE3-6AAF7D8B14AA}.Debug|ARM.ActiveCfg = Debug|Any CPU
		{EE600352-A041-45B4-BAE3-6AAF7D8B14AA}.Debug|ARM.Build.0 = Debug|Any CPU
		{EE600352-A041-45B4-BAE3-6AAF7D8B14AA}.Debug|ARM64.ActiveCfg = Debug|Any CPU
		{EE600352-A041-45B4-BAE3-6AAF7D8B14AA}.Debug|ARM64.Build.0 = Debug|Any CPU
		{EE600352-A041-45B4-BAE3-6AAF7D8B14AA}.Debug|iPhone.ActiveCfg = Debug|Any CPU
		{EE600352-A041-45B4-BAE3-6AAF7D8B14AA}.Debug|iPhone.Build.0 = Debug|Any CPU
		{EE600352-A041-45B4-BAE3-6AAF7D8B14AA}.Debug|iPhoneSimulator.ActiveCfg = Debug|Any CPU
		{EE600352-A041-45B4-BAE3-6AAF7D8B14AA}.Debug|iPhoneSimulator.Build.0 = Debug|Any CPU
		{EE600352-A041-45B4-BAE3-6AAF7D8B14AA}.Debug|x64.ActiveCfg = Debug|Any CPU
		{EE600352-A041-45B4-BAE3-6AAF7D8B14AA}.Debug|x64.Build.0 = Debug|Any CPU
		{EE600352-A041-45B4-BAE3-6AAF7D8B14AA}.Debug|x86.ActiveCfg = Debug|Any CPU
		{EE600352-A041-45B4-BAE3-6AAF7D8B14AA}.Debug|x86.Build.0 = Debug|Any CPU
		{EE600352-A041-45B4-BAE3-6AAF7D8B14AA}.Release|Any CPU.ActiveCfg = Release|Any CPU
		{EE600352-A041-45B4-BAE3-6AAF7D8B14AA}.Release|Any CPU.Build.0 = Release|Any CPU
		{EE600352-A041-45B4-BAE3-6AAF7D8B14AA}.Release|ARM.ActiveCfg = Release|Any CPU
		{EE600352-A041-45B4-BAE3-6AAF7D8B14AA}.Release|ARM.Build.0 = Release|Any CPU
		{EE600352-A041-45B4-BAE3-6AAF7D8B14AA}.Release|ARM64.ActiveCfg = Release|Any CPU
		{EE600352-A041-45B4-BAE3-6AAF7D8B14AA}.Release|ARM64.Build.0 = Release|Any CPU
		{EE600352-A041-45B4-BAE3-6AAF7D8B14AA}.Release|iPhone.ActiveCfg = Release|Any CPU
		{EE600352-A041-45B4-BAE3-6AAF7D8B14AA}.Release|iPhone.Build.0 = Release|Any CPU
		{EE600352-A041-45B4-BAE3-6AAF7D8B14AA}.Release|iPhoneSimulator.ActiveCfg = Release|Any CPU
		{EE600352-A041-45B4-BAE3-6AAF7D8B14AA}.Release|iPhoneSimulator.Build.0 = Release|Any CPU
		{EE600352-A041-45B4-BAE3-6AAF7D8B14AA}.Release|x64.ActiveCfg = Release|Any CPU
		{EE600352-A041-45B4-BAE3-6AAF7D8B14AA}.Release|x64.Build.0 = Release|Any CPU
		{EE600352-A041-45B4-BAE3-6AAF7D8B14AA}.Release|x86.ActiveCfg = Release|Any CPU
		{EE600352-A041-45B4-BAE3-6AAF7D8B14AA}.Release|x86.Build.0 = Release|Any CPU
		{BF833687-08BB-481D-8EC9-187F7D6481F9}.Ad-Hoc|Any CPU.ActiveCfg = Release|Any CPU
		{BF833687-08BB-481D-8EC9-187F7D6481F9}.Ad-Hoc|Any CPU.Build.0 = Release|Any CPU
		{BF833687-08BB-481D-8EC9-187F7D6481F9}.Ad-Hoc|ARM.ActiveCfg = Release|Any CPU
		{BF833687-08BB-481D-8EC9-187F7D6481F9}.Ad-Hoc|ARM.Build.0 = Release|Any CPU
		{BF833687-08BB-481D-8EC9-187F7D6481F9}.Ad-Hoc|ARM64.ActiveCfg = Release|Any CPU
		{BF833687-08BB-481D-8EC9-187F7D6481F9}.Ad-Hoc|ARM64.Build.0 = Release|Any CPU
		{BF833687-08BB-481D-8EC9-187F7D6481F9}.Ad-Hoc|iPhone.ActiveCfg = Debug|Any CPU
		{BF833687-08BB-481D-8EC9-187F7D6481F9}.Ad-Hoc|iPhone.Build.0 = Debug|Any CPU
		{BF833687-08BB-481D-8EC9-187F7D6481F9}.Ad-Hoc|iPhoneSimulator.ActiveCfg = Release|Any CPU
		{BF833687-08BB-481D-8EC9-187F7D6481F9}.Ad-Hoc|iPhoneSimulator.Build.0 = Release|Any CPU
		{BF833687-08BB-481D-8EC9-187F7D6481F9}.Ad-Hoc|x64.ActiveCfg = Release|Any CPU
		{BF833687-08BB-481D-8EC9-187F7D6481F9}.Ad-Hoc|x64.Build.0 = Release|Any CPU
		{BF833687-08BB-481D-8EC9-187F7D6481F9}.Ad-Hoc|x86.ActiveCfg = Release|Any CPU
		{BF833687-08BB-481D-8EC9-187F7D6481F9}.Ad-Hoc|x86.Build.0 = Release|Any CPU
		{BF833687-08BB-481D-8EC9-187F7D6481F9}.AppStore|Any CPU.ActiveCfg = Release|Any CPU
		{BF833687-08BB-481D-8EC9-187F7D6481F9}.AppStore|Any CPU.Build.0 = Release|Any CPU
		{BF833687-08BB-481D-8EC9-187F7D6481F9}.AppStore|ARM.ActiveCfg = Release|Any CPU
		{BF833687-08BB-481D-8EC9-187F7D6481F9}.AppStore|ARM.Build.0 = Release|Any CPU
		{BF833687-08BB-481D-8EC9-187F7D6481F9}.AppStore|ARM64.ActiveCfg = Release|Any CPU
		{BF833687-08BB-481D-8EC9-187F7D6481F9}.AppStore|ARM64.Build.0 = Release|Any CPU
		{BF833687-08BB-481D-8EC9-187F7D6481F9}.AppStore|iPhone.ActiveCfg = Debug|Any CPU
		{BF833687-08BB-481D-8EC9-187F7D6481F9}.AppStore|iPhone.Build.0 = Debug|Any CPU
		{BF833687-08BB-481D-8EC9-187F7D6481F9}.AppStore|iPhoneSimulator.ActiveCfg = Release|Any CPU
		{BF833687-08BB-481D-8EC9-187F7D6481F9}.AppStore|iPhoneSimulator.Build.0 = Release|Any CPU
		{BF833687-08BB-481D-8EC9-187F7D6481F9}.AppStore|x64.ActiveCfg = Release|Any CPU
		{BF833687-08BB-481D-8EC9-187F7D6481F9}.AppStore|x64.Build.0 = Release|Any CPU
		{BF833687-08BB-481D-8EC9-187F7D6481F9}.AppStore|x86.ActiveCfg = Release|Any CPU
		{BF833687-08BB-481D-8EC9-187F7D6481F9}.AppStore|x86.Build.0 = Release|Any CPU
		{BF833687-08BB-481D-8EC9-187F7D6481F9}.Debug|Any CPU.ActiveCfg = Debug|Any CPU
		{BF833687-08BB-481D-8EC9-187F7D6481F9}.Debug|Any CPU.Build.0 = Debug|Any CPU
		{BF833687-08BB-481D-8EC9-187F7D6481F9}.Debug|ARM.ActiveCfg = Debug|Any CPU
		{BF833687-08BB-481D-8EC9-187F7D6481F9}.Debug|ARM.Build.0 = Debug|Any CPU
		{BF833687-08BB-481D-8EC9-187F7D6481F9}.Debug|ARM64.ActiveCfg = Debug|Any CPU
		{BF833687-08BB-481D-8EC9-187F7D6481F9}.Debug|ARM64.Build.0 = Debug|Any CPU
		{BF833687-08BB-481D-8EC9-187F7D6481F9}.Debug|iPhone.ActiveCfg = Debug|Any CPU
		{BF833687-08BB-481D-8EC9-187F7D6481F9}.Debug|iPhone.Build.0 = Debug|Any CPU
		{BF833687-08BB-481D-8EC9-187F7D6481F9}.Debug|iPhoneSimulator.ActiveCfg = Debug|Any CPU
		{BF833687-08BB-481D-8EC9-187F7D6481F9}.Debug|iPhoneSimulator.Build.0 = Debug|Any CPU
		{BF833687-08BB-481D-8EC9-187F7D6481F9}.Debug|x64.ActiveCfg = Debug|Any CPU
		{BF833687-08BB-481D-8EC9-187F7D6481F9}.Debug|x64.Build.0 = Debug|Any CPU
		{BF833687-08BB-481D-8EC9-187F7D6481F9}.Debug|x86.ActiveCfg = Debug|Any CPU
		{BF833687-08BB-481D-8EC9-187F7D6481F9}.Debug|x86.Build.0 = Debug|Any CPU
		{BF833687-08BB-481D-8EC9-187F7D6481F9}.Release|Any CPU.ActiveCfg = Release|Any CPU
		{BF833687-08BB-481D-8EC9-187F7D6481F9}.Release|Any CPU.Build.0 = Release|Any CPU
		{BF833687-08BB-481D-8EC9-187F7D6481F9}.Release|ARM.ActiveCfg = Release|Any CPU
		{BF833687-08BB-481D-8EC9-187F7D6481F9}.Release|ARM.Build.0 = Release|Any CPU
		{BF833687-08BB-481D-8EC9-187F7D6481F9}.Release|ARM64.ActiveCfg = Release|Any CPU
		{BF833687-08BB-481D-8EC9-187F7D6481F9}.Release|ARM64.Build.0 = Release|Any CPU
		{BF833687-08BB-481D-8EC9-187F7D6481F9}.Release|iPhone.ActiveCfg = Release|Any CPU
		{BF833687-08BB-481D-8EC9-187F7D6481F9}.Release|iPhone.Build.0 = Release|Any CPU
		{BF833687-08BB-481D-8EC9-187F7D6481F9}.Release|iPhoneSimulator.ActiveCfg = Release|Any CPU
		{BF833687-08BB-481D-8EC9-187F7D6481F9}.Release|iPhoneSimulator.Build.0 = Release|Any CPU
		{BF833687-08BB-481D-8EC9-187F7D6481F9}.Release|x64.ActiveCfg = Release|Any CPU
		{BF833687-08BB-481D-8EC9-187F7D6481F9}.Release|x64.Build.0 = Release|Any CPU
		{BF833687-08BB-481D-8EC9-187F7D6481F9}.Release|x86.ActiveCfg = Release|Any CPU
		{BF833687-08BB-481D-8EC9-187F7D6481F9}.Release|x86.Build.0 = Release|Any CPU
		{E7AC4BF7-AE7C-4F0C-B24C-B1435ABDAD47}.Ad-Hoc|Any CPU.ActiveCfg = Release|Any CPU
		{E7AC4BF7-AE7C-4F0C-B24C-B1435ABDAD47}.Ad-Hoc|Any CPU.Build.0 = Release|Any CPU
		{E7AC4BF7-AE7C-4F0C-B24C-B1435ABDAD47}.Ad-Hoc|ARM.ActiveCfg = Release|Any CPU
		{E7AC4BF7-AE7C-4F0C-B24C-B1435ABDAD47}.Ad-Hoc|ARM.Build.0 = Release|Any CPU
		{E7AC4BF7-AE7C-4F0C-B24C-B1435ABDAD47}.Ad-Hoc|ARM64.ActiveCfg = Release|Any CPU
		{E7AC4BF7-AE7C-4F0C-B24C-B1435ABDAD47}.Ad-Hoc|ARM64.Build.0 = Release|Any CPU
		{E7AC4BF7-AE7C-4F0C-B24C-B1435ABDAD47}.Ad-Hoc|iPhone.ActiveCfg = Debug|Any CPU
		{E7AC4BF7-AE7C-4F0C-B24C-B1435ABDAD47}.Ad-Hoc|iPhone.Build.0 = Debug|Any CPU
		{E7AC4BF7-AE7C-4F0C-B24C-B1435ABDAD47}.Ad-Hoc|iPhoneSimulator.ActiveCfg = Release|Any CPU
		{E7AC4BF7-AE7C-4F0C-B24C-B1435ABDAD47}.Ad-Hoc|iPhoneSimulator.Build.0 = Release|Any CPU
		{E7AC4BF7-AE7C-4F0C-B24C-B1435ABDAD47}.Ad-Hoc|x64.ActiveCfg = Release|Any CPU
		{E7AC4BF7-AE7C-4F0C-B24C-B1435ABDAD47}.Ad-Hoc|x64.Build.0 = Release|Any CPU
		{E7AC4BF7-AE7C-4F0C-B24C-B1435ABDAD47}.Ad-Hoc|x86.ActiveCfg = Release|Any CPU
		{E7AC4BF7-AE7C-4F0C-B24C-B1435ABDAD47}.Ad-Hoc|x86.Build.0 = Release|Any CPU
		{E7AC4BF7-AE7C-4F0C-B24C-B1435ABDAD47}.AppStore|Any CPU.ActiveCfg = Release|Any CPU
		{E7AC4BF7-AE7C-4F0C-B24C-B1435ABDAD47}.AppStore|Any CPU.Build.0 = Release|Any CPU
		{E7AC4BF7-AE7C-4F0C-B24C-B1435ABDAD47}.AppStore|ARM.ActiveCfg = Release|Any CPU
		{E7AC4BF7-AE7C-4F0C-B24C-B1435ABDAD47}.AppStore|ARM.Build.0 = Release|Any CPU
		{E7AC4BF7-AE7C-4F0C-B24C-B1435ABDAD47}.AppStore|ARM64.ActiveCfg = Release|Any CPU
		{E7AC4BF7-AE7C-4F0C-B24C-B1435ABDAD47}.AppStore|ARM64.Build.0 = Release|Any CPU
		{E7AC4BF7-AE7C-4F0C-B24C-B1435ABDAD47}.AppStore|iPhone.ActiveCfg = Debug|Any CPU
		{E7AC4BF7-AE7C-4F0C-B24C-B1435ABDAD47}.AppStore|iPhone.Build.0 = Debug|Any CPU
		{E7AC4BF7-AE7C-4F0C-B24C-B1435ABDAD47}.AppStore|iPhoneSimulator.ActiveCfg = Release|Any CPU
		{E7AC4BF7-AE7C-4F0C-B24C-B1435ABDAD47}.AppStore|iPhoneSimulator.Build.0 = Release|Any CPU
		{E7AC4BF7-AE7C-4F0C-B24C-B1435ABDAD47}.AppStore|x64.ActiveCfg = Release|Any CPU
		{E7AC4BF7-AE7C-4F0C-B24C-B1435ABDAD47}.AppStore|x64.Build.0 = Release|Any CPU
		{E7AC4BF7-AE7C-4F0C-B24C-B1435ABDAD47}.AppStore|x86.ActiveCfg = Release|Any CPU
		{E7AC4BF7-AE7C-4F0C-B24C-B1435ABDAD47}.AppStore|x86.Build.0 = Release|Any CPU
		{E7AC4BF7-AE7C-4F0C-B24C-B1435ABDAD47}.Debug|Any CPU.ActiveCfg = Debug|Any CPU
		{E7AC4BF7-AE7C-4F0C-B24C-B1435ABDAD47}.Debug|Any CPU.Build.0 = Debug|Any CPU
		{E7AC4BF7-AE7C-4F0C-B24C-B1435ABDAD47}.Debug|ARM.ActiveCfg = Debug|Any CPU
		{E7AC4BF7-AE7C-4F0C-B24C-B1435ABDAD47}.Debug|ARM.Build.0 = Debug|Any CPU
		{E7AC4BF7-AE7C-4F0C-B24C-B1435ABDAD47}.Debug|ARM64.ActiveCfg = Debug|Any CPU
		{E7AC4BF7-AE7C-4F0C-B24C-B1435ABDAD47}.Debug|ARM64.Build.0 = Debug|Any CPU
		{E7AC4BF7-AE7C-4F0C-B24C-B1435ABDAD47}.Debug|iPhone.ActiveCfg = Debug|Any CPU
		{E7AC4BF7-AE7C-4F0C-B24C-B1435ABDAD47}.Debug|iPhone.Build.0 = Debug|Any CPU
		{E7AC4BF7-AE7C-4F0C-B24C-B1435ABDAD47}.Debug|iPhoneSimulator.ActiveCfg = Debug|Any CPU
		{E7AC4BF7-AE7C-4F0C-B24C-B1435ABDAD47}.Debug|iPhoneSimulator.Build.0 = Debug|Any CPU
		{E7AC4BF7-AE7C-4F0C-B24C-B1435ABDAD47}.Debug|x64.ActiveCfg = Debug|Any CPU
		{E7AC4BF7-AE7C-4F0C-B24C-B1435ABDAD47}.Debug|x64.Build.0 = Debug|Any CPU
		{E7AC4BF7-AE7C-4F0C-B24C-B1435ABDAD47}.Debug|x86.ActiveCfg = Debug|Any CPU
		{E7AC4BF7-AE7C-4F0C-B24C-B1435ABDAD47}.Debug|x86.Build.0 = Debug|Any CPU
		{E7AC4BF7-AE7C-4F0C-B24C-B1435ABDAD47}.Release|Any CPU.ActiveCfg = Release|Any CPU
		{E7AC4BF7-AE7C-4F0C-B24C-B1435ABDAD47}.Release|Any CPU.Build.0 = Release|Any CPU
		{E7AC4BF7-AE7C-4F0C-B24C-B1435ABDAD47}.Release|ARM.ActiveCfg = Release|Any CPU
		{E7AC4BF7-AE7C-4F0C-B24C-B1435ABDAD47}.Release|ARM.Build.0 = Release|Any CPU
		{E7AC4BF7-AE7C-4F0C-B24C-B1435ABDAD47}.Release|ARM64.ActiveCfg = Release|Any CPU
		{E7AC4BF7-AE7C-4F0C-B24C-B1435ABDAD47}.Release|ARM64.Build.0 = Release|Any CPU
		{E7AC4BF7-AE7C-4F0C-B24C-B1435ABDAD47}.Release|iPhone.ActiveCfg = Release|Any CPU
		{E7AC4BF7-AE7C-4F0C-B24C-B1435ABDAD47}.Release|iPhone.Build.0 = Release|Any CPU
		{E7AC4BF7-AE7C-4F0C-B24C-B1435ABDAD47}.Release|iPhoneSimulator.ActiveCfg = Release|Any CPU
		{E7AC4BF7-AE7C-4F0C-B24C-B1435ABDAD47}.Release|iPhoneSimulator.Build.0 = Release|Any CPU
		{E7AC4BF7-AE7C-4F0C-B24C-B1435ABDAD47}.Release|x64.ActiveCfg = Release|Any CPU
		{E7AC4BF7-AE7C-4F0C-B24C-B1435ABDAD47}.Release|x64.Build.0 = Release|Any CPU
		{E7AC4BF7-AE7C-4F0C-B24C-B1435ABDAD47}.Release|x86.ActiveCfg = Release|Any CPU
		{E7AC4BF7-AE7C-4F0C-B24C-B1435ABDAD47}.Release|x86.Build.0 = Release|Any CPU
		{5BF00570-6DA9-44F5-88F8-C3C6EEDD015E}.Ad-Hoc|Any CPU.ActiveCfg = Release|Any CPU
		{5BF00570-6DA9-44F5-88F8-C3C6EEDD015E}.Ad-Hoc|Any CPU.Build.0 = Release|Any CPU
		{5BF00570-6DA9-44F5-88F8-C3C6EEDD015E}.Ad-Hoc|ARM.ActiveCfg = Release|Any CPU
		{5BF00570-6DA9-44F5-88F8-C3C6EEDD015E}.Ad-Hoc|ARM.Build.0 = Release|Any CPU
		{5BF00570-6DA9-44F5-88F8-C3C6EEDD015E}.Ad-Hoc|ARM64.ActiveCfg = Release|Any CPU
		{5BF00570-6DA9-44F5-88F8-C3C6EEDD015E}.Ad-Hoc|ARM64.Build.0 = Release|Any CPU
		{5BF00570-6DA9-44F5-88F8-C3C6EEDD015E}.Ad-Hoc|iPhone.ActiveCfg = Release|Any CPU
		{5BF00570-6DA9-44F5-88F8-C3C6EEDD015E}.Ad-Hoc|iPhone.Build.0 = Release|Any CPU
		{5BF00570-6DA9-44F5-88F8-C3C6EEDD015E}.Ad-Hoc|iPhoneSimulator.ActiveCfg = Release|Any CPU
		{5BF00570-6DA9-44F5-88F8-C3C6EEDD015E}.Ad-Hoc|iPhoneSimulator.Build.0 = Release|Any CPU
		{5BF00570-6DA9-44F5-88F8-C3C6EEDD015E}.Ad-Hoc|x64.ActiveCfg = Release|Any CPU
		{5BF00570-6DA9-44F5-88F8-C3C6EEDD015E}.Ad-Hoc|x64.Build.0 = Release|Any CPU
		{5BF00570-6DA9-44F5-88F8-C3C6EEDD015E}.Ad-Hoc|x86.ActiveCfg = Release|Any CPU
		{5BF00570-6DA9-44F5-88F8-C3C6EEDD015E}.Ad-Hoc|x86.Build.0 = Release|Any CPU
		{5BF00570-6DA9-44F5-88F8-C3C6EEDD015E}.AppStore|Any CPU.ActiveCfg = Release|Any CPU
		{5BF00570-6DA9-44F5-88F8-C3C6EEDD015E}.AppStore|Any CPU.Build.0 = Release|Any CPU
		{5BF00570-6DA9-44F5-88F8-C3C6EEDD015E}.AppStore|ARM.ActiveCfg = Release|Any CPU
		{5BF00570-6DA9-44F5-88F8-C3C6EEDD015E}.AppStore|ARM.Build.0 = Release|Any CPU
		{5BF00570-6DA9-44F5-88F8-C3C6EEDD015E}.AppStore|ARM64.ActiveCfg = Release|Any CPU
		{5BF00570-6DA9-44F5-88F8-C3C6EEDD015E}.AppStore|ARM64.Build.0 = Release|Any CPU
		{5BF00570-6DA9-44F5-88F8-C3C6EEDD015E}.AppStore|iPhone.ActiveCfg = Release|Any CPU
		{5BF00570-6DA9-44F5-88F8-C3C6EEDD015E}.AppStore|iPhone.Build.0 = Release|Any CPU
		{5BF00570-6DA9-44F5-88F8-C3C6EEDD015E}.AppStore|iPhoneSimulator.ActiveCfg = Release|Any CPU
		{5BF00570-6DA9-44F5-88F8-C3C6EEDD015E}.AppStore|iPhoneSimulator.Build.0 = Release|Any CPU
		{5BF00570-6DA9-44F5-88F8-C3C6EEDD015E}.AppStore|x64.ActiveCfg = Release|Any CPU
		{5BF00570-6DA9-44F5-88F8-C3C6EEDD015E}.AppStore|x64.Build.0 = Release|Any CPU
		{5BF00570-6DA9-44F5-88F8-C3C6EEDD015E}.AppStore|x86.ActiveCfg = Release|Any CPU
		{5BF00570-6DA9-44F5-88F8-C3C6EEDD015E}.AppStore|x86.Build.0 = Release|Any CPU
		{5BF00570-6DA9-44F5-88F8-C3C6EEDD015E}.Debug|Any CPU.ActiveCfg = Debug|Any CPU
		{5BF00570-6DA9-44F5-88F8-C3C6EEDD015E}.Debug|Any CPU.Build.0 = Debug|Any CPU
		{5BF00570-6DA9-44F5-88F8-C3C6EEDD015E}.Debug|ARM.ActiveCfg = Debug|Any CPU
		{5BF00570-6DA9-44F5-88F8-C3C6EEDD015E}.Debug|ARM.Build.0 = Debug|Any CPU
		{5BF00570-6DA9-44F5-88F8-C3C6EEDD015E}.Debug|ARM64.ActiveCfg = Debug|Any CPU
		{5BF00570-6DA9-44F5-88F8-C3C6EEDD015E}.Debug|ARM64.Build.0 = Debug|Any CPU
		{5BF00570-6DA9-44F5-88F8-C3C6EEDD015E}.Debug|iPhone.ActiveCfg = Debug|Any CPU
		{5BF00570-6DA9-44F5-88F8-C3C6EEDD015E}.Debug|iPhone.Build.0 = Debug|Any CPU
		{5BF00570-6DA9-44F5-88F8-C3C6EEDD015E}.Debug|iPhoneSimulator.ActiveCfg = Debug|Any CPU
		{5BF00570-6DA9-44F5-88F8-C3C6EEDD015E}.Debug|iPhoneSimulator.Build.0 = Debug|Any CPU
		{5BF00570-6DA9-44F5-88F8-C3C6EEDD015E}.Debug|x64.ActiveCfg = Debug|Any CPU
		{5BF00570-6DA9-44F5-88F8-C3C6EEDD015E}.Debug|x64.Build.0 = Debug|Any CPU
		{5BF00570-6DA9-44F5-88F8-C3C6EEDD015E}.Debug|x86.ActiveCfg = Debug|Any CPU
		{5BF00570-6DA9-44F5-88F8-C3C6EEDD015E}.Debug|x86.Build.0 = Debug|Any CPU
		{5BF00570-6DA9-44F5-88F8-C3C6EEDD015E}.Release|Any CPU.ActiveCfg = Release|Any CPU
		{5BF00570-6DA9-44F5-88F8-C3C6EEDD015E}.Release|Any CPU.Build.0 = Release|Any CPU
		{5BF00570-6DA9-44F5-88F8-C3C6EEDD015E}.Release|ARM.ActiveCfg = Release|Any CPU
		{5BF00570-6DA9-44F5-88F8-C3C6EEDD015E}.Release|ARM.Build.0 = Release|Any CPU
		{5BF00570-6DA9-44F5-88F8-C3C6EEDD015E}.Release|ARM64.ActiveCfg = Release|Any CPU
		{5BF00570-6DA9-44F5-88F8-C3C6EEDD015E}.Release|ARM64.Build.0 = Release|Any CPU
		{5BF00570-6DA9-44F5-88F8-C3C6EEDD015E}.Release|iPhone.ActiveCfg = Release|Any CPU
		{5BF00570-6DA9-44F5-88F8-C3C6EEDD015E}.Release|iPhone.Build.0 = Release|Any CPU
		{5BF00570-6DA9-44F5-88F8-C3C6EEDD015E}.Release|iPhoneSimulator.ActiveCfg = Release|Any CPU
		{5BF00570-6DA9-44F5-88F8-C3C6EEDD015E}.Release|iPhoneSimulator.Build.0 = Release|Any CPU
		{5BF00570-6DA9-44F5-88F8-C3C6EEDD015E}.Release|x64.ActiveCfg = Release|Any CPU
		{5BF00570-6DA9-44F5-88F8-C3C6EEDD015E}.Release|x64.Build.0 = Release|Any CPU
		{5BF00570-6DA9-44F5-88F8-C3C6EEDD015E}.Release|x86.ActiveCfg = Release|Any CPU
		{5BF00570-6DA9-44F5-88F8-C3C6EEDD015E}.Release|x86.Build.0 = Release|Any CPU
		{5B35EE69-9D58-4BB6-9673-08F25A6F9687}.Ad-Hoc|Any CPU.ActiveCfg = Release|Any CPU
		{5B35EE69-9D58-4BB6-9673-08F25A6F9687}.Ad-Hoc|Any CPU.Build.0 = Release|Any CPU
		{5B35EE69-9D58-4BB6-9673-08F25A6F9687}.Ad-Hoc|ARM.ActiveCfg = Release|Any CPU
		{5B35EE69-9D58-4BB6-9673-08F25A6F9687}.Ad-Hoc|ARM.Build.0 = Release|Any CPU
		{5B35EE69-9D58-4BB6-9673-08F25A6F9687}.Ad-Hoc|ARM64.ActiveCfg = Release|Any CPU
		{5B35EE69-9D58-4BB6-9673-08F25A6F9687}.Ad-Hoc|ARM64.Build.0 = Release|Any CPU
		{5B35EE69-9D58-4BB6-9673-08F25A6F9687}.Ad-Hoc|iPhone.ActiveCfg = Release|Any CPU
		{5B35EE69-9D58-4BB6-9673-08F25A6F9687}.Ad-Hoc|iPhone.Build.0 = Release|Any CPU
		{5B35EE69-9D58-4BB6-9673-08F25A6F9687}.Ad-Hoc|iPhoneSimulator.ActiveCfg = Release|Any CPU
		{5B35EE69-9D58-4BB6-9673-08F25A6F9687}.Ad-Hoc|iPhoneSimulator.Build.0 = Release|Any CPU
		{5B35EE69-9D58-4BB6-9673-08F25A6F9687}.Ad-Hoc|x64.ActiveCfg = Release|Any CPU
		{5B35EE69-9D58-4BB6-9673-08F25A6F9687}.Ad-Hoc|x64.Build.0 = Release|Any CPU
		{5B35EE69-9D58-4BB6-9673-08F25A6F9687}.Ad-Hoc|x86.ActiveCfg = Release|Any CPU
		{5B35EE69-9D58-4BB6-9673-08F25A6F9687}.Ad-Hoc|x86.Build.0 = Release|Any CPU
		{5B35EE69-9D58-4BB6-9673-08F25A6F9687}.AppStore|Any CPU.ActiveCfg = Release|Any CPU
		{5B35EE69-9D58-4BB6-9673-08F25A6F9687}.AppStore|Any CPU.Build.0 = Release|Any CPU
		{5B35EE69-9D58-4BB6-9673-08F25A6F9687}.AppStore|ARM.ActiveCfg = Release|Any CPU
		{5B35EE69-9D58-4BB6-9673-08F25A6F9687}.AppStore|ARM.Build.0 = Release|Any CPU
		{5B35EE69-9D58-4BB6-9673-08F25A6F9687}.AppStore|ARM64.ActiveCfg = Release|Any CPU
		{5B35EE69-9D58-4BB6-9673-08F25A6F9687}.AppStore|ARM64.Build.0 = Release|Any CPU
		{5B35EE69-9D58-4BB6-9673-08F25A6F9687}.AppStore|iPhone.ActiveCfg = Release|Any CPU
		{5B35EE69-9D58-4BB6-9673-08F25A6F9687}.AppStore|iPhone.Build.0 = Release|Any CPU
		{5B35EE69-9D58-4BB6-9673-08F25A6F9687}.AppStore|iPhoneSimulator.ActiveCfg = Release|Any CPU
		{5B35EE69-9D58-4BB6-9673-08F25A6F9687}.AppStore|iPhoneSimulator.Build.0 = Release|Any CPU
		{5B35EE69-9D58-4BB6-9673-08F25A6F9687}.AppStore|x64.ActiveCfg = Release|Any CPU
		{5B35EE69-9D58-4BB6-9673-08F25A6F9687}.AppStore|x64.Build.0 = Release|Any CPU
		{5B35EE69-9D58-4BB6-9673-08F25A6F9687}.AppStore|x86.ActiveCfg = Release|Any CPU
		{5B35EE69-9D58-4BB6-9673-08F25A6F9687}.AppStore|x86.Build.0 = Release|Any CPU
		{5B35EE69-9D58-4BB6-9673-08F25A6F9687}.Debug|Any CPU.ActiveCfg = Debug|Any CPU
		{5B35EE69-9D58-4BB6-9673-08F25A6F9687}.Debug|Any CPU.Build.0 = Debug|Any CPU
		{5B35EE69-9D58-4BB6-9673-08F25A6F9687}.Debug|ARM.ActiveCfg = Debug|Any CPU
		{5B35EE69-9D58-4BB6-9673-08F25A6F9687}.Debug|ARM.Build.0 = Debug|Any CPU
		{5B35EE69-9D58-4BB6-9673-08F25A6F9687}.Debug|ARM64.ActiveCfg = Debug|Any CPU
		{5B35EE69-9D58-4BB6-9673-08F25A6F9687}.Debug|ARM64.Build.0 = Debug|Any CPU
		{5B35EE69-9D58-4BB6-9673-08F25A6F9687}.Debug|iPhone.ActiveCfg = Debug|Any CPU
		{5B35EE69-9D58-4BB6-9673-08F25A6F9687}.Debug|iPhone.Build.0 = Debug|Any CPU
		{5B35EE69-9D58-4BB6-9673-08F25A6F9687}.Debug|iPhoneSimulator.ActiveCfg = Debug|Any CPU
		{5B35EE69-9D58-4BB6-9673-08F25A6F9687}.Debug|iPhoneSimulator.Build.0 = Debug|Any CPU
		{5B35EE69-9D58-4BB6-9673-08F25A6F9687}.Debug|x64.ActiveCfg = Debug|Any CPU
		{5B35EE69-9D58-4BB6-9673-08F25A6F9687}.Debug|x64.Build.0 = Debug|Any CPU
		{5B35EE69-9D58-4BB6-9673-08F25A6F9687}.Debug|x86.ActiveCfg = Debug|Any CPU
		{5B35EE69-9D58-4BB6-9673-08F25A6F9687}.Debug|x86.Build.0 = Debug|Any CPU
		{5B35EE69-9D58-4BB6-9673-08F25A6F9687}.Release|Any CPU.ActiveCfg = Release|Any CPU
		{5B35EE69-9D58-4BB6-9673-08F25A6F9687}.Release|Any CPU.Build.0 = Release|Any CPU
		{5B35EE69-9D58-4BB6-9673-08F25A6F9687}.Release|ARM.ActiveCfg = Release|Any CPU
		{5B35EE69-9D58-4BB6-9673-08F25A6F9687}.Release|ARM.Build.0 = Release|Any CPU
		{5B35EE69-9D58-4BB6-9673-08F25A6F9687}.Release|ARM64.ActiveCfg = Release|Any CPU
		{5B35EE69-9D58-4BB6-9673-08F25A6F9687}.Release|ARM64.Build.0 = Release|Any CPU
		{5B35EE69-9D58-4BB6-9673-08F25A6F9687}.Release|iPhone.ActiveCfg = Release|Any CPU
		{5B35EE69-9D58-4BB6-9673-08F25A6F9687}.Release|iPhone.Build.0 = Release|Any CPU
		{5B35EE69-9D58-4BB6-9673-08F25A6F9687}.Release|iPhoneSimulator.ActiveCfg = Release|Any CPU
		{5B35EE69-9D58-4BB6-9673-08F25A6F9687}.Release|iPhoneSimulator.Build.0 = Release|Any CPU
		{5B35EE69-9D58-4BB6-9673-08F25A6F9687}.Release|x64.ActiveCfg = Release|Any CPU
		{5B35EE69-9D58-4BB6-9673-08F25A6F9687}.Release|x64.Build.0 = Release|Any CPU
		{5B35EE69-9D58-4BB6-9673-08F25A6F9687}.Release|x86.ActiveCfg = Release|Any CPU
		{5B35EE69-9D58-4BB6-9673-08F25A6F9687}.Release|x86.Build.0 = Release|Any CPU
	EndGlobalSection
	GlobalSection(SolutionProperties) = preSolution
		HideSolutionNode = FALSE
	EndGlobalSection
	GlobalSection(NestedProjects) = preSolution
		{F9F756A0-9366-44C1-97E2-26E3D6F76987} = {92B6C8FA-AFE5-4E93-A402-1BF8206283FC}
		{ED6E135C-8E98-439D-8505-990C5D163211} = {92B6C8FA-AFE5-4E93-A402-1BF8206283FC}
		{8808D9CE-CDEB-43AA-BE1A-05766A865FC6} = {92B6C8FA-AFE5-4E93-A402-1BF8206283FC}
		{8645DB4A-3AC6-4F0C-A67B-B3DD8321CC0D} = {C7173EEC-08BE-4B22-9B27-F7371245B667}
		{EE600352-A041-45B4-BAE3-6AAF7D8B14AA} = {C7173EEC-08BE-4B22-9B27-F7371245B667}
	EndGlobalSection
	GlobalSection(ExtensibilityGlobals) = postSolution
		SolutionGuid = {F8FDE2D8-0A86-459E-A0C7-9B9E68ED1834}
	EndGlobalSection
	GlobalSection(MonoDevelopProperties) = preSolution
		Policies = $0
		$0.DotNetNamingPolicy = $1
		$1.DirectoryNamespaceAssociation = PrefixedHierarchical
		description = Userprofile Query 3.0
		version = 3.0
	EndGlobalSection
EndGlobal
